{
  "name": "@jyskebank/jb-bar",
  "version": "0.0.2",
  "lockfileVersion": 1,
  "requires": true,
  "dependencies": {
    "@jyskebank/jb-baz": {
      "version": "git+https://github.com/dalsgaard/jb-baz.git#86c3ef52d92a768dfde41cf6d6e176514057ce19",
      "from": "git+https://github.com/dalsgaard/jb-baz.git#develop"
    },
    "@jyskebank/jb-utils": {
      "version": "git+https://github.com/dalsgaard/jb-utils.git#5f7354e4403ca5e8a4ff7991a79feadb43f7d569",
      "from": "git+https://github.com/dalsgaard/jb-utils.git#develop"
    }
  }
}
